<?xml version="1.0" encoding="utf-8"?>
<Project ToolsVersion="4.0" xmlns="http://schemas.microsoft.com/developer/msbuild/2003">
  <ItemGroup>
    <ClCompile Include="record.cpp">
      <Filter>record</Filter>
    </ClCompile>
    <ClCompile Include="record00.cpp">
      <Filter>record</Filter>
    </ClCompile>
    <ClCompile Include="record01.cpp">
      <Filter>record</Filter>
    </ClCompile>
    <ClCompile Include="record02.cpp">
      <Filter>record</Filter>
    </ClCompile>
    <ClCompile Include="record03.cpp">
      <Filter>record</Filter>
    </ClCompile>
    <ClCompile Include="record04.cpp">
      <Filter>record</Filter>
    </ClCompile>
    <ClCompile Include="record05.cpp">
      <Filter>record</Filter>
    </ClCompile>
    <ClCompile Include="element_ex.cpp">
      <Filter>element</Filter>
    </ClCompile>
    <ClCompile Include="record_type_ex.cpp">
      <Filter>record</Filter>
    </ClCompile>
    <ClCompile Include="ab_oil_pressure_test.cpp">
      <Filter>test</Filter>
    </ClCompile>
    <ClCompile Include="key.cpp">
      <Filter>test</Filter>
    </ClCompile>
    <ClCompile Include="test_type_ex.cpp">
      <Filter>test</Filter>
    </ClCompile>
    <ClCompile Include="txt_read.cpp">
      <Filter>txt</Filter>
    </ClCompile>
    <ClCompile Include="txt_const_iterator.cpp">
      <Filter>txt</Filter>
    </ClCompile>
    <ClCompile Include="txt_forward_list.cpp">
      <Filter>txt</Filter>
    </ClCompile>
    <ClCompile Include="txt_reader.cpp">
      <Filter>txt</Filter>
    </ClCompile>
    <ClCompile Include="txt_write.cpp">
      <Filter>txt</Filter>
    </ClCompile>
    <ClCompile Include="mysql_inserter.cpp">
      <Filter>mysql</Filter>
    </ClCompile>
    <ClCompile Include="mysql_selector.cpp">
      <Filter>mysql</Filter>
    </ClCompile>
    <ClCompile Include="mysql_session.cpp">
      <Filter>mysql</Filter>
    </ClCompile>
    <ClCompile Include="mysql_write.cpp">
      <Filter>mysql</Filter>
    </ClCompile>
    <ClCompile Include="mysql_read.cpp">
      <Filter>mysql</Filter>
    </ClCompile>
  </ItemGroup>
  <ItemGroup>
    <ClInclude Include="record.h">
      <Filter>record</Filter>
    </ClInclude>
    <ClInclude Include="record00.h">
      <Filter>record</Filter>
    </ClInclude>
    <ClInclude Include="record01.h">
      <Filter>record</Filter>
    </ClInclude>
    <ClInclude Include="record02.h">
      <Filter>record</Filter>
    </ClInclude>
    <ClInclude Include="record03.h">
      <Filter>record</Filter>
    </ClInclude>
    <ClInclude Include="record04.h">
      <Filter>record</Filter>
    </ClInclude>
    <ClInclude Include="record05.h">
      <Filter>record</Filter>
    </ClInclude>
    <ClInclude Include="element.h">
      <Filter>element</Filter>
    </ClInclude>
    <ClInclude Include="element_ex.h">
      <Filter>element</Filter>
    </ClInclude>
    <ClInclude Include="record_type.h">
      <Filter>record</Filter>
    </ClInclude>
    <ClInclude Include="record_type_ex.h">
      <Filter>record</Filter>
    </ClInclude>
    <ClInclude Include="ab_oil_pressure_test.h">
      <Filter>test</Filter>
    </ClInclude>
    <ClInclude Include="key.h">
      <Filter>test</Filter>
    </ClInclude>
    <ClInclude Include="test_type_ex.h">
      <Filter>test</Filter>
    </ClInclude>
    <ClInclude Include="test_type.h">
      <Filter>test</Filter>
    </ClInclude>
    <ClInclude Include="txt_read.h">
      <Filter>txt</Filter>
    </ClInclude>
    <ClInclude Include="const_iterator_base.h" />
    <ClInclude Include="txt_const_iterator.h">
      <Filter>txt</Filter>
    </ClInclude>
    <ClInclude Include="txt_forward_list.h">
      <Filter>txt</Filter>
    </ClInclude>
    <ClInclude Include="txt_reader.h">
      <Filter>txt</Filter>
    </ClInclude>
    <ClInclude Include="forward_list_base.h" />
    <ClInclude Include="txt_write.h">
      <Filter>txt</Filter>
    </ClInclude>
    <ClInclude Include="mysql_inserter.h">
      <Filter>mysql</Filter>
    </ClInclude>
    <ClInclude Include="mysql_selector.h">
      <Filter>mysql</Filter>
    </ClInclude>
    <ClInclude Include="mysql_session.h">
      <Filter>mysql</Filter>
    </ClInclude>
    <ClInclude Include="mysql_write.h">
      <Filter>mysql</Filter>
    </ClInclude>
    <ClInclude Include="mysql_read.h">
      <Filter>mysql</Filter>
    </ClInclude>
    <ClInclude Include="helper.h" />
  </ItemGroup>
  <ItemGroup>
    <Filter Include="record">
      <UniqueIdentifier>{a5cd7019-5c8c-4793-9261-160145c3d882}</UniqueIdentifier>
    </Filter>
    <Filter Include="element">
      <UniqueIdentifier>{0391049e-bb41-47ab-90ff-f28d0978885b}</UniqueIdentifier>
    </Filter>
    <Filter Include="test">
      <UniqueIdentifier>{d487661f-bb2e-4342-9526-dd2d2af3bea2}</UniqueIdentifier>
    </Filter>
    <Filter Include="txt">
      <UniqueIdentifier>{2d272e7b-3e3a-4a47-b54f-e54c9423abd3}</UniqueIdentifier>
    </Filter>
    <Filter Include="mysql">
      <UniqueIdentifier>{04e8312e-7cd8-4fac-85a4-edca34992797}</UniqueIdentifier>
    </Filter>
  </ItemGroup>
  <ItemGroup>
    <None Include="cpp.hint" />
  </ItemGroup>
</Project>