<?xml version="1.0" encoding="utf-8"?>
<Project ToolsVersion="4.0" xmlns="http://schemas.microsoft.com/developer/msbuild/2003">
  <ItemGroup>
    <ClCompile Include="record.cpp">
      <Filter>record</Filter>
    </ClCompile>
    <ClCompile Include="record00.cpp">
      <Filter>record</Filter>
    </ClCompile>
    <ClCompile Include="record01.cpp">
      <Filter>record</Filter>
    </ClCompile>
    <ClCompile Include="record02.cpp">
      <Filter>record</Filter>
    </ClCompile>
    <ClCompile Include="record03.cpp">
      <Filter>record</Filter>
    </ClCompile>
    <ClCompile Include="record04.cpp">
      <Filter>record</Filter>
    </ClCompile>
    <ClCompile Include="record05.cpp">
      <Filter>record</Filter>
    </ClCompile>
    <ClCompile Include="element_ex.cpp">
      <Filter>element</Filter>
    </ClCompile>
    <ClCompile Include="record_type_ex.cpp">
      <Filter>record</Filter>
    </ClCompile>
    <ClCompile Include="key.cpp">
      <Filter>test</Filter>
    </ClCompile>
    <ClCompile Include="test_type_ex.cpp">
      <Filter>test</Filter>
    </ClCompile>
    <ClCompile Include="txt_read.cpp">
      <Filter>txt</Filter>
    </ClCompile>
    <ClCompile Include="txt_const_iterator.cpp">
      <Filter>txt</Filter>
    </ClCompile>
    <ClCompile Include="txt_forward_list.cpp">
      <Filter>txt</Filter>
    </ClCompile>
    <ClCompile Include="txt_reader.cpp">
      <Filter>txt</Filter>
    </ClCompile>
    <ClCompile Include="txt_write.cpp">
      <Filter>txt</Filter>
    </ClCompile>
    <ClCompile Include="mysql_inserter.cpp">
      <Filter>mysql</Filter>
    </ClCompile>
    <ClCompile Include="mysql_selector.cpp">
      <Filter>mysql</Filter>
    </ClCompile>
    <ClCompile Include="mysql_session.cpp">
      <Filter>mysql</Filter>
    </ClCompile>
    <ClCompile Include="mysql_write.cpp">
      <Filter>mysql</Filter>
    </ClCompile>
    <ClCompile Include="mysql_read.cpp">
      <Filter>mysql</Filter>
    </ClCompile>
    <ClCompile Include="facade_interface.cpp">
      <Filter>facade</Filter>
    </ClCompile>
    <ClCompile Include="configuration.cpp">
      <Filter>configuration</Filter>
    </ClCompile>
    <ClCompile Include="txt_configuration.cpp">
      <Filter>configuration</Filter>
    </ClCompile>
    <ClCompile Include="xml_txt_configuration.cpp">
      <Filter>xml</Filter>
    </ClCompile>
    <ClCompile Include="mysql_configuration.cpp">
      <Filter>configuration</Filter>
    </ClCompile>
    <ClCompile Include="xml_mysql_configuration.cpp">
      <Filter>xml</Filter>
    </ClCompile>
    <ClCompile Include="xml_configuration.cpp">
      <Filter>xml</Filter>
    </ClCompile>
    <ClCompile Include="txt_facade.cpp">
      <Filter>facade</Filter>
    </ClCompile>
    <ClCompile Include="test.cpp">
      <Filter>test</Filter>
    </ClCompile>
    <ClCompile Include="mysql_facade.cpp">
      <Filter>facade</Filter>
    </ClCompile>
    <ClCompile Include="facade.cpp">
      <Filter>facade</Filter>
    </ClCompile>
    <ClCompile Include="source_ex.cpp">
      <Filter>facade</Filter>
    </ClCompile>
    <ClCompile Include="licensee.cpp">
      <Filter>licensee</Filter>
    </ClCompile>
    <ClCompile Include="licensee_container.cpp">
      <Filter>licensee</Filter>
    </ClCompile>
    <ClCompile Include="txt_record.cpp">
      <Filter>txt</Filter>
    </ClCompile>
    <ClCompile Include="txt_record00.cpp">
      <Filter>txt</Filter>
    </ClCompile>
    <ClCompile Include="txt_key.cpp">
      <Filter>txt</Filter>
    </ClCompile>
    <ClCompile Include="txt_parse.cpp">
      <Filter>txt</Filter>
    </ClCompile>
    <ClCompile Include="txt_test.cpp">
      <Filter>txt</Filter>
    </ClCompile>
    <ClCompile Include="txt_raw_facade.cpp">
      <Filter>facade</Filter>
    </ClCompile>
  </ItemGroup>
  <ItemGroup>
    <ClInclude Include="record.h">
      <Filter>record</Filter>
    </ClInclude>
    <ClInclude Include="record00.h">
      <Filter>record</Filter>
    </ClInclude>
    <ClInclude Include="record01.h">
      <Filter>record</Filter>
    </ClInclude>
    <ClInclude Include="record02.h">
      <Filter>record</Filter>
    </ClInclude>
    <ClInclude Include="record03.h">
      <Filter>record</Filter>
    </ClInclude>
    <ClInclude Include="record04.h">
      <Filter>record</Filter>
    </ClInclude>
    <ClInclude Include="record05.h">
      <Filter>record</Filter>
    </ClInclude>
    <ClInclude Include="element.h">
      <Filter>element</Filter>
    </ClInclude>
    <ClInclude Include="element_ex.h">
      <Filter>element</Filter>
    </ClInclude>
    <ClInclude Include="record_type.h">
      <Filter>record</Filter>
    </ClInclude>
    <ClInclude Include="record_type_ex.h">
      <Filter>record</Filter>
    </ClInclude>
    <ClInclude Include="key.h">
      <Filter>test</Filter>
    </ClInclude>
    <ClInclude Include="test_type_ex.h">
      <Filter>test</Filter>
    </ClInclude>
    <ClInclude Include="test_type.h">
      <Filter>test</Filter>
    </ClInclude>
    <ClInclude Include="txt_read.h">
      <Filter>txt</Filter>
    </ClInclude>
    <ClInclude Include="const_iterator_base.h" />
    <ClInclude Include="txt_const_iterator.h">
      <Filter>txt</Filter>
    </ClInclude>
    <ClInclude Include="txt_forward_list.h">
      <Filter>txt</Filter>
    </ClInclude>
    <ClInclude Include="txt_reader.h">
      <Filter>txt</Filter>
    </ClInclude>
    <ClInclude Include="forward_list_base.h" />
    <ClInclude Include="txt_write.h">
      <Filter>txt</Filter>
    </ClInclude>
    <ClInclude Include="mysql_inserter.h">
      <Filter>mysql</Filter>
    </ClInclude>
    <ClInclude Include="mysql_selector.h">
      <Filter>mysql</Filter>
    </ClInclude>
    <ClInclude Include="mysql_session.h">
      <Filter>mysql</Filter>
    </ClInclude>
    <ClInclude Include="mysql_write.h">
      <Filter>mysql</Filter>
    </ClInclude>
    <ClInclude Include="mysql_read.h">
      <Filter>mysql</Filter>
    </ClInclude>
    <ClInclude Include="helper.h" />
    <ClInclude Include="facade_interface.h">
      <Filter>facade</Filter>
    </ClInclude>
    <ClInclude Include="configuration.h">
      <Filter>configuration</Filter>
    </ClInclude>
    <ClInclude Include="txt_configuration.h">
      <Filter>configuration</Filter>
    </ClInclude>
    <ClInclude Include="xml_txt_configuration.h">
      <Filter>xml</Filter>
    </ClInclude>
    <ClInclude Include="mysql_configuration.h">
      <Filter>configuration</Filter>
    </ClInclude>
    <ClInclude Include="xml_mysql_configuration.h">
      <Filter>xml</Filter>
    </ClInclude>
    <ClInclude Include="xml_configuration.h">
      <Filter>xml</Filter>
    </ClInclude>
    <ClInclude Include="txt_facade.h">
      <Filter>facade</Filter>
    </ClInclude>
    <ClInclude Include="test_container.h">
      <Filter>test</Filter>
    </ClInclude>
    <ClInclude Include="test.h">
      <Filter>test</Filter>
    </ClInclude>
    <ClInclude Include="key_container.h">
      <Filter>test</Filter>
    </ClInclude>
    <ClInclude Include="mysql_facade.h">
      <Filter>facade</Filter>
    </ClInclude>
    <ClInclude Include="facade.h">
      <Filter>facade</Filter>
    </ClInclude>
    <ClInclude Include="source.h">
      <Filter>facade</Filter>
    </ClInclude>
    <ClInclude Include="source_ex.h">
      <Filter>facade</Filter>
    </ClInclude>
    <ClInclude Include="licensee.h">
      <Filter>licensee</Filter>
    </ClInclude>
    <ClInclude Include="licensee_container.h">
      <Filter>licensee</Filter>
    </ClInclude>
    <ClInclude Include="txt_record.h">
      <Filter>txt</Filter>
    </ClInclude>
    <ClInclude Include="txt_record00.h">
      <Filter>txt</Filter>
    </ClInclude>
    <ClInclude Include="resource.h" />
    <ClInclude Include="txt_parse.h">
      <Filter>txt</Filter>
    </ClInclude>
    <ClInclude Include="txt_key.h">
      <Filter>txt</Filter>
    </ClInclude>
    <ClInclude Include="txt_test.h">
      <Filter>txt</Filter>
    </ClInclude>
    <ClInclude Include="txt_raw_facade.h">
      <Filter>facade</Filter>
    </ClInclude>
  </ItemGroup>
  <ItemGroup>
    <Filter Include="record">
      <UniqueIdentifier>{a5cd7019-5c8c-4793-9261-160145c3d882}</UniqueIdentifier>
    </Filter>
    <Filter Include="element">
      <UniqueIdentifier>{0391049e-bb41-47ab-90ff-f28d0978885b}</UniqueIdentifier>
    </Filter>
    <Filter Include="test">
      <UniqueIdentifier>{d487661f-bb2e-4342-9526-dd2d2af3bea2}</UniqueIdentifier>
    </Filter>
    <Filter Include="txt">
      <UniqueIdentifier>{2d272e7b-3e3a-4a47-b54f-e54c9423abd3}</UniqueIdentifier>
    </Filter>
    <Filter Include="mysql">
      <UniqueIdentifier>{04e8312e-7cd8-4fac-85a4-edca34992797}</UniqueIdentifier>
    </Filter>
    <Filter Include="facade">
      <UniqueIdentifier>{35a28457-08f3-4fa5-9971-bfdba6550da4}</UniqueIdentifier>
    </Filter>
    <Filter Include="configuration">
      <UniqueIdentifier>{a7fecc52-9fce-4e02-ab2d-3ab8a1060c99}</UniqueIdentifier>
    </Filter>
    <Filter Include="xml">
      <UniqueIdentifier>{4398de78-0568-4a32-a67e-7ee5ac4459b7}</UniqueIdentifier>
    </Filter>
    <Filter Include="licensee">
      <UniqueIdentifier>{b78f397c-9dd6-4838-a840-2a7bdacb216c}</UniqueIdentifier>
    </Filter>
  </ItemGroup>
  <ItemGroup>
    <None Include="cpp.hint" />
  </ItemGroup>
  <ItemGroup>
    <ResourceCompile Include="ab_oil_pressure_test.rc" />
  </ItemGroup>
</Project>